<Solution>
  <Project Path="CalculatorApp/CalculatorApp.csproj" Id="4816aa1e-1b22-4572-9348-31cc04ba1740" />
  <Project Path="finalEX.LikaMart/finalEX.LikaMart.csproj" />
  <Project Path="HangmanApp/HangmanApp.csproj" Id="9d23420a-b90b-4a2f-bb66-b23d2a0fbaea" />
  <Project Path="NumberGuessApp/NumberGuessApp.csproj" />
</Solution>
